<Solution>
  <Folder Name="/src/">
    <Project Path="src/HomeProjectManagement.ApiService/HomeProjectManagement.ApiService.csproj" />
    <Project Path="src/HomeProjectManagement.AppHost/HomeProjectManagement.AppHost.csproj" />
    <Project Path="src/HomeProjectManagement.ServiceDefaults/HomeProjectManagement.ServiceDefaults.csproj" />
  </Folder>
</Solution>
